PODS:
  - CleanJSON (1.0.6)
  - DeviceKit (2.3.0)
  - DongtuStore (3.2.8)
  - HyphenateLite (3.7.1)
  - Kingfisher (5.15.6):
    - Kingfisher/Core (= 5.15.6)
  - Kingfisher/Core (5.15.6)
  - MJRefresh (3.1.17)
  - RxCocoa (5.1.1):
    - RxRelay (~> 5)
    - RxSwift (~> 5)
  - RxRelay (5.1.1):
    - RxSwift (~> 5)
  - RxSwift (5.0.1)
  - SnapKit (5.0.1)
  - TXIMSDK_iOS (5.0.10)
  - TZImagePickerController (3.2.9)
  - "UITableView+FDTemplateLayoutCell (1.6)"
  - WZAlamofire (3.0.0)
  - WZEncryption (1.0.0)
  - WZIM (1.8.7):
    - WZIM/EM (= 1.8.7)
    - WZIM/Procotol (= 1.8.7)
    - WZIM/TIM (= 1.8.7)
    - WZIM/Tool (= 1.8.7)
    - WZIM/ToolBbar (= 1.8.7)
    - WZIM/UI (= 1.8.7)
  - WZIM/EM (1.8.7):
    - HyphenateLite (= 3.7.1)
    - WZIM/UI
  - WZIM/Procotol (1.8.7):
    - CleanJSON (~> 1.0.6)
  - WZIM/TIM (1.8.7):
    - TXIMSDK_iOS (= 5.0.10)
    - WZIM/UI
  - WZIM/Tool (1.8.7)
  - WZIM/ToolBbar (1.8.7):
    - SnapKit (~> 5.0.1)
    - WZIM/Tool
    - WZLame (~> 4.0.0)
  - WZIM/UI (1.8.7):
    - Kingfisher (~> 5.15.0)
    - WZIM/Procotol
    - WZIM/ToolBbar
  - WZLame (4.0.0)
  - WZMoya (3.0.0):
    - WZMoya/Core (= 3.0.0)
  - WZMoya/Core (3.0.0):
    - WZAlamofire (~> 3.0.0)
  - WZMoya/RxSwift (3.0.0):
    - RxSwift (~> 5.0.0)
    - WZMoya/Core
  - WZNamespaceWrappable (1.0.0)
  - WZNetwork (3.0.0):
    - WZNetwork/Core (= 3.0.0)
  - WZNetwork/Core (3.0.0):
    - WZMoya (~> 3.0.0)
    - WZMoya/RxSwift (~> 3.0.0)
  - WZRefresh (0.2.3):
    - MJRefresh (~> 3.1.12)
  - WZRoute (2.0.5):
    - WZRoute/Source (= 2.0.5)
  - WZRoute/Source (2.0.5)
  - WZUIExtension (0.1.6):
    - WZNamespaceWrappable (~> 1.0.0)

DEPENDENCIES:
  - DeviceKit (~> 2.3.0)
  - DongtuStore (~> 3.2.1)
  - RxCocoa (~> 5.1.1)
  - TZImagePickerController (~> 3.2.7)
  - "UITableView+FDTemplateLayoutCell (~> 1.6)"
  - WZEncryption (~> 1.0.0)
  - WZIM (from `../`)
  - WZNetwork (= 3.0.0)
  - WZRefresh (~> 0.2.3)
  - WZRoute (~> 2.0.2)
  - WZUIExtension (~> 0.1.5)

SPEC REPOS:
  https://cdn.cocoapods.org/:
    - CleanJSON
    - DeviceKit
    - DongtuStore
    - HyphenateLite
    - Kingfisher
    - MJRefresh
    - RxCocoa
    - RxRelay
    - RxSwift
    - SnapKit
    - TXIMSDK_iOS
    - TZImagePickerController
    - "UITableView+FDTemplateLayoutCell"
    - WZRefresh
    - WZRoute
  https://github.com/WZLYiOS/WZPodSpecs.git:
    - WZAlamofire
    - WZEncryption
    - WZLame
    - WZMoya
    - WZNamespaceWrappable
    - WZNetwork
    - WZUIExtension

EXTERNAL SOURCES:
  WZIM:
    :path: "../"

SPEC CHECKSUMS:
  CleanJSON: fd25726a3f337077a93a006e55c85329662090e2
  DeviceKit: da103891aa928d89f64ea8dd8aca738c5f3d8ac0
  DongtuStore: abfd21e213fd2b66034a99197e92fd9bab052671
  HyphenateLite: 5ae42198431f6c5e31247ba757797626a68799de
  Kingfisher: b3554e7bf6106115b44e8795300bad580ef2fdc7
  MJRefresh: ee5b68f639775462faba4db0fd243baf4d42c2cf
  RxCocoa: 32065309a38d29b5b0db858819b5bf9ef038b601
  RxRelay: d77f7d771495f43c556cbc43eebd1bb54d01e8e9
  RxSwift: e2dc62b366a3adf6a0be44ba9f405efd4c94e0c4
  SnapKit: 97b92857e3df3a0c71833cce143274bf6ef8e5eb
  TXIMSDK_iOS: 1d8cdc8af86dbf5b4c211a4c0df64c13ab82528e
  TZImagePickerController: 1f92968aa0e98a06b9e2eccca8560acc19254257
  "UITableView+FDTemplateLayoutCell": 5c949b4a5059c404b442926c0e80f81d10a2d66f
  WZAlamofire: 44b1194922ca7ec30e230b1ef467a538b17c1389
  WZEncryption: 260be3da074da0d5522adca48760bbe2b1655eec
  WZIM: df5de04980ea6c36ebad4e4db5bd26819bd36445
  WZLame: 98dd0d0de7a5c37d3adda4516d7441f148a1089a
  WZMoya: eaf8c1f24ac05554d877a1a1bee68bc2ab4031d7
  WZNamespaceWrappable: 880bfa32c164bb80381ae65a49350c81521765d4
  WZNetwork: 1967e3fd38976d5f24195824853f5da559182a05
  WZRefresh: 9419523abee7e3aaa008bf06dab628146776e978
  WZRoute: 9c96833ceabc0a5595d1a2df78fc6612481f06c5
  WZUIExtension: 181d99d7857dd95d32af766ed708391320ada9d0

PODFILE CHECKSUM: 2c157bafc1420d4c1763eaf15e037d2e87b778db

COCOAPODS: 1.9.3
